// !$*UTF8*$!
{
	archiveVersion = 1;
	classes = {
	};
	objectVersion = 55;
	objects = {

/* Begin PBXBuildFile section */
		040C2E0F28ADEBE1002BB8A0 /* AppDelegate.swift in Sources */ = {isa = PBXBuildFile; fileRef = 040C2E0E28ADEBE1002BB8A0 /* AppDelegate.swift */; };
		040C2E1328ADEBE1002BB8A0 /* ViewController.swift in Sources */ = {isa = PBXBuildFile; fileRef = 040C2E1228ADEBE1002BB8A0 /* ViewController.swift */; };
		040C2E1628ADEBE1002BB8A0 /* Main.storyboard in Resources */ = {isa = PBXBuildFile; fileRef = 040C2E1428ADEBE1002BB8A0 /* Main.storyboard */; };
		040C2E1828ADEBE3002BB8A0 /* Assets.xcassets in Resources */ = {isa = PBXBuildFile; fileRef = 040C2E1728ADEBE3002BB8A0 /* Assets.xcassets */; };
		040C2E1B28ADEBE3002BB8A0 /* LaunchScreen.storyboard in Resources */ = {isa = PBXBuildFile; fileRef = 040C2E1928ADEBE3002BB8A0 /* LaunchScreen.storyboard */; };
		040C2E2B28ADECE4002BB8A0 /* shaderv.vsh in Resources */ = {isa = PBXBuildFile; fileRef = 040C2E2828ADECE4002BB8A0 /* shaderv.vsh */; };
		040C2E2C28ADECE4002BB8A0 /* DDView.swift in Sources */ = {isa = PBXBuildFile; fileRef = 040C2E2928ADECE4002BB8A0 /* DDView.swift */; };
		040C2E2D28ADECE4002BB8A0 /* shaderf.fsh in Resources */ = {isa = PBXBuildFile; fileRef = 040C2E2A28ADECE4002BB8A0 /* shaderf.fsh */; };
		0418BA0928F11B0500DB65EE /* DDAudioRenderLayer.swift in Sources */ = {isa = PBXBuildFile; fileRef = 0418BA0828F11B0500DB65EE /* DDAudioRenderLayer.swift */; };
		0490D35028DC4981008E35B6 /* DDVideoComposition.swift in Sources */ = {isa = PBXBuildFile; fileRef = 0490D34F28DC4981008E35B6 /* DDVideoComposition.swift */; };
		04A15E8128E1B72900B73538 /* DDVideoRenderLayer.swift in Sources */ = {isa = PBXBuildFile; fileRef = 04A15E8028E1B72900B73538 /* DDVideoRenderLayer.swift */; };
		04DCD90228D9961800D9C02B /* video1.MOV in Resources */ = {isa = PBXBuildFile; fileRef = 04DCD8FE28D9961800D9C02B /* video1.MOV */; };
		04DCD90328D9961800D9C02B /* video2.MOV in Resources */ = {isa = PBXBuildFile; fileRef = 04DCD8FF28D9961800D9C02B /* video2.MOV */; };
		04DCD90428D9961800D9C02B /* video3.MOV in Resources */ = {isa = PBXBuildFile; fileRef = 04DCD90028D9961800D9C02B /* video3.MOV */; };
		04DCD90528D9961800D9C02B /* video4.MOV in Resources */ = {isa = PBXBuildFile; fileRef = 04DCD90128D9961800D9C02B /* video4.MOV */; };
		04E2185928DDB253002CBAF0 /* DDVideoEditor.swift in Sources */ = {isa = PBXBuildFile; fileRef = 04E2185828DDB253002CBAF0 /* DDVideoEditor.swift */; };
		04E2185C28DDB43D002CBAF0 /* DDRenderComposition.swift in Sources */ = {isa = PBXBuildFile; fileRef = 04E2185B28DDB43D002CBAF0 /* DDRenderComposition.swift */; };
		04E2185E28DDBB28002CBAF0 /* DDRenderLayer.swift in Sources */ = {isa = PBXBuildFile; fileRef = 04E2185D28DDBB28002CBAF0 /* DDRenderLayer.swift */; };
		04E2186028DDBC68002CBAF0 /* DDsource.swift in Sources */ = {isa = PBXBuildFile; fileRef = 04E2185F28DDBC68002CBAF0 /* DDsource.swift */; };
		04E2186228DDC0DE002CBAF0 /* DDTexture.swift in Sources */ = {isa = PBXBuildFile; fileRef = 04E2186128DDC0DE002CBAF0 /* DDTexture.swift */; };
		AF6B09B328CDC82500D953B6 /* DDAssetReader.swift in Sources */ = {isa = PBXBuildFile; fileRef = AF6B09B228CDC82500D953B6 /* DDAssetReader.swift */; };
/* End PBXBuildFile section */

/* Begin PBXFileReference section */
		040C2E0B28ADEBE1002BB8A0 /* OpenGL ES-10.app */ = {isa = PBXFileReference; explicitFileType = wrapper.application; includeInIndex = 0; path = "OpenGL ES-10.app"; sourceTree = BUILT_PRODUCTS_DIR; };
		040C2E0E28ADEBE1002BB8A0 /* AppDelegate.swift */ = {isa = PBXFileReference; lastKnownFileType = sourcecode.swift; path = AppDelegate.swift; sourceTree = "<group>"; };
		040C2E1228ADEBE1002BB8A0 /* ViewController.swift */ = {isa = PBXFileReference; lastKnownFileType = sourcecode.swift; path = ViewController.swift; sourceTree = "<group>"; };
		040C2E1528ADEBE1002BB8A0 /* Base */ = {isa = PBXFileReference; lastKnownFileType = file.storyboard; name = Base; path = Base.lproj/Main.storyboard; sourceTree = "<group>"; };
		040C2E1728ADEBE3002BB8A0 /* Assets.xcassets */ = {isa = PBXFileReference; lastKnownFileType = folder.assetcatalog; path = Assets.xcassets; sourceTree = "<group>"; };
		040C2E1A28ADEBE3002BB8A0 /* Base */ = {isa = PBXFileReference; lastKnownFileType = file.storyboard; name = Base; path = Base.lproj/LaunchScreen.storyboard; sourceTree = "<group>"; };
		040C2E1C28ADEBE3002BB8A0 /* Info.plist */ = {isa = PBXFileReference; lastKnownFileType = text.plist.xml; path = Info.plist; sourceTree = "<group>"; };
		040C2E2828ADECE4002BB8A0 /* shaderv.vsh */ = {isa = PBXFileReference; fileEncoding = 4; lastKnownFileType = sourcecode.glsl; path = shaderv.vsh; sourceTree = "<group>"; };
		040C2E2928ADECE4002BB8A0 /* DDView.swift */ = {isa = PBXFileReference; fileEncoding = 4; lastKnownFileType = sourcecode.swift; path = DDView.swift; sourceTree = "<group>"; };
		040C2E2A28ADECE4002BB8A0 /* shaderf.fsh */ = {isa = PBXFileReference; fileEncoding = 4; lastKnownFileType = sourcecode.glsl; path = shaderf.fsh; sourceTree = "<group>"; };
		0418BA0828F11B0500DB65EE /* DDAudioRenderLayer.swift */ = {isa = PBXFileReference; lastKnownFileType = sourcecode.swift; path = DDAudioRenderLayer.swift; sourceTree = "<group>"; };
		0490D34F28DC4981008E35B6 /* DDVideoComposition.swift */ = {isa = PBXFileReference; lastKnownFileType = sourcecode.swift; path = DDVideoComposition.swift; sourceTree = "<group>"; };
		04A15E8028E1B72900B73538 /* DDVideoRenderLayer.swift */ = {isa = PBXFileReference; lastKnownFileType = sourcecode.swift; path = DDVideoRenderLayer.swift; sourceTree = "<group>"; };
		04DCD8FE28D9961800D9C02B /* video1.MOV */ = {isa = PBXFileReference; lastKnownFileType = video.quicktime; name = video1.MOV; path = "../../OpenGL ES-10（单个渲染View）/OpenGL ES-10/video1.MOV"; sourceTree = "<group>"; };
		04DCD8FF28D9961800D9C02B /* video2.MOV */ = {isa = PBXFileReference; lastKnownFileType = video.quicktime; name = video2.MOV; path = "../../OpenGL ES-10（单个渲染View）/OpenGL ES-10/video2.MOV"; sourceTree = "<group>"; };
		04DCD90028D9961800D9C02B /* video3.MOV */ = {isa = PBXFileReference; lastKnownFileType = video.quicktime; name = video3.MOV; path = "../../OpenGL ES-10（单个渲染View）/OpenGL ES-10/video3.MOV"; sourceTree = "<group>"; };
		04DCD90128D9961800D9C02B /* video4.MOV */ = {isa = PBXFileReference; lastKnownFileType = video.quicktime; name = video4.MOV; path = "../../OpenGL ES-10（单个渲染View）/OpenGL ES-10/video4.MOV"; sourceTree = "<group>"; };
		04E2185828DDB253002CBAF0 /* DDVideoEditor.swift */ = {isa = PBXFileReference; lastKnownFileType = sourcecode.swift; path = DDVideoEditor.swift; sourceTree = "<group>"; };
		04E2185B28DDB43D002CBAF0 /* DDRenderComposition.swift */ = {isa = PBXFileReference; lastKnownFileType = sourcecode.swift; path = DDRenderComposition.swift; sourceTree = "<group>"; };
		04E2185D28DDBB28002CBAF0 /* DDRenderLayer.swift */ = {isa = PBXFileReference; lastKnownFileType = sourcecode.swift; path = DDRenderLayer.swift; sourceTree = "<group>"; };
		04E2185F28DDBC68002CBAF0 /* DDsource.swift */ = {isa = PBXFileReference; lastKnownFileType = sourcecode.swift; path = DDsource.swift; sourceTree = "<group>"; };
		04E2186128DDC0DE002CBAF0 /* DDTexture.swift */ = {isa = PBXFileReference; lastKnownFileType = sourcecode.swift; path = DDTexture.swift; sourceTree = "<group>"; };
		AF6B09B228CDC82500D953B6 /* DDAssetReader.swift */ = {isa = PBXFileReference; lastKnownFileType = sourcecode.swift; path = DDAssetReader.swift; sourceTree = "<group>"; };
/* End PBXFileReference section */

/* Begin PBXFrameworksBuildPhase section */
		040C2E0828ADEBE1002BB8A0 /* Frameworks */ = {
			isa = PBXFrameworksBuildPhase;
			buildActionMask = 2147483647;
			files = (
			);
			runOnlyForDeploymentPostprocessing = 0;
		};
/* End PBXFrameworksBuildPhase section */

/* Begin PBXGroup section */
		040C2E0228ADEBE0002BB8A0 = {
			isa = PBXGroup;
			children = (
				040C2E0D28ADEBE1002BB8A0 /* OpenGL ES-10 */,
				040C2E0C28ADEBE1002BB8A0 /* Products */,
			);
			sourceTree = "<group>";
		};
		040C2E0C28ADEBE1002BB8A0 /* Products */ = {
			isa = PBXGroup;
			children = (
				040C2E0B28ADEBE1002BB8A0 /* OpenGL ES-10.app */,
			);
			name = Products;
			sourceTree = "<group>";
		};
		040C2E0D28ADEBE1002BB8A0 /* OpenGL ES-10 */ = {
			isa = PBXGroup;
			children = (
				04DCD8FE28D9961800D9C02B /* video1.MOV */,
				04DCD8FF28D9961800D9C02B /* video2.MOV */,
				04DCD90028D9961800D9C02B /* video3.MOV */,
				04DCD90128D9961800D9C02B /* video4.MOV */,
				040C2E0E28ADEBE1002BB8A0 /* AppDelegate.swift */,
				040C2E1228ADEBE1002BB8A0 /* ViewController.swift */,
				040C2E2928ADECE4002BB8A0 /* DDView.swift */,
				AF6B09B228CDC82500D953B6 /* DDAssetReader.swift */,
				0490D34F28DC4981008E35B6 /* DDVideoComposition.swift */,
				04E2185A28DDB28B002CBAF0 /* VideoEditor */,
				040C2E2828ADECE4002BB8A0 /* shaderv.vsh */,
				040C2E2A28ADECE4002BB8A0 /* shaderf.fsh */,
				040C2E1428ADEBE1002BB8A0 /* Main.storyboard */,
				040C2E1728ADEBE3002BB8A0 /* Assets.xcassets */,
				040C2E1928ADEBE3002BB8A0 /* LaunchScreen.storyboard */,
				040C2E1C28ADEBE3002BB8A0 /* Info.plist */,
			);
			path = "OpenGL ES-10";
			sourceTree = "<group>";
		};
		0418BA0728F11AE200DB65EE /* Audio */ = {
			isa = PBXGroup;
			children = (
				0418BA0828F11B0500DB65EE /* DDAudioRenderLayer.swift */,
			);
			path = Audio;
			sourceTree = "<group>";
		};
		04A15E8228E1B72D00B73538 /* Source */ = {
			isa = PBXGroup;
			children = (
				04E2185F28DDBC68002CBAF0 /* DDsource.swift */,
			);
			path = Source;
			sourceTree = "<group>";
		};
		04A15E8328E1B74D00B73538 /* Video */ = {
			isa = PBXGroup;
			children = (
				04A15E8028E1B72900B73538 /* DDVideoRenderLayer.swift */,
			);
			path = Video;
			sourceTree = "<group>";
		};
		04E2185A28DDB28B002CBAF0 /* VideoEditor */ = {
			isa = PBXGroup;
			children = (
				0418BA0728F11AE200DB65EE /* Audio */,
				04A15E8328E1B74D00B73538 /* Video */,
				04A15E8228E1B72D00B73538 /* Source */,
				04E2185828DDB253002CBAF0 /* DDVideoEditor.swift */,
				04E2185B28DDB43D002CBAF0 /* DDRenderComposition.swift */,
				04E2185D28DDBB28002CBAF0 /* DDRenderLayer.swift */,
				04E2186128DDC0DE002CBAF0 /* DDTexture.swift */,
			);
			path = VideoEditor;
			sourceTree = "<group>";
		};
/* End PBXGroup section */

/* Begin PBXNativeTarget section */
		040C2E0A28ADEBE1002BB8A0 /* OpenGL ES-10 */ = {
			isa = PBXNativeTarget;
			buildConfigurationList = 040C2E1F28ADEBE3002BB8A0 /* Build configuration list for PBXNativeTarget "OpenGL ES-10" */;
			buildPhases = (
				040C2E0728ADEBE1002BB8A0 /* Sources */,
				040C2E0828ADEBE1002BB8A0 /* Frameworks */,
				040C2E0928ADEBE1002BB8A0 /* Resources */,
			);
			buildRules = (
			);
			dependencies = (
			);
			name = "OpenGL ES-10";
			productName = "OpenGL ES-05";
			productReference = 040C2E0B28ADEBE1002BB8A0 /* OpenGL ES-10.app */;
			productType = "com.apple.product-type.application";
		};
/* End PBXNativeTarget section */

/* Begin PBXProject section */
		040C2E0328ADEBE0002BB8A0 /* Project object */ = {
			isa = PBXProject;
			attributes = {
				BuildIndependentTargetsInParallel = 1;
				LastSwiftUpdateCheck = 1340;
				LastUpgradeCheck = 1340;
				TargetAttributes = {
					040C2E0A28ADEBE1002BB8A0 = {
						CreatedOnToolsVersion = 13.4;
					};
				};
			};
			buildConfigurationList = 040C2E0628ADEBE0002BB8A0 /* Build configuration list for PBXProject "OpenGL ES-10" */;
			compatibilityVersion = "Xcode 13.0";
			developmentRegion = en;
			hasScannedForEncodings = 0;
			knownRegions = (
				en,
				Base,
			);
			mainGroup = 040C2E0228ADEBE0002BB8A0;
			productRefGroup = 040C2E0C28ADEBE1002BB8A0 /* Products */;
			projectDirPath = "";
			projectRoot = "";
			targets = (
				040C2E0A28ADEBE1002BB8A0 /* OpenGL ES-10 */,
			);
		};
/* End PBXProject section */

/* Begin PBXResourcesBuildPhase section */
		040C2E0928ADEBE1002BB8A0 /* Resources */ = {
			isa = PBXResourcesBuildPhase;
			buildActionMask = 2147483647;
			files = (
				04DCD90328D9961800D9C02B /* video2.MOV in Resources */,
				04DCD90528D9961800D9C02B /* video4.MOV in Resources */,
				040C2E2D28ADECE4002BB8A0 /* shaderf.fsh in Resources */,
				040C2E1B28ADEBE3002BB8A0 /* LaunchScreen.storyboard in Resources */,
				040C2E1828ADEBE3002BB8A0 /* Assets.xcassets in Resources */,
				04DCD90428D9961800D9C02B /* video3.MOV in Resources */,
				040C2E1628ADEBE1002BB8A0 /* Main.storyboard in Resources */,
				04DCD90228D9961800D9C02B /* video1.MOV in Resources */,
				040C2E2B28ADECE4002BB8A0 /* shaderv.vsh in Resources */,
			);
			runOnlyForDeploymentPostprocessing = 0;
		};
/* End PBXResourcesBuildPhase section */

/* Begin PBXSourcesBuildPhase section */
		040C2E0728ADEBE1002BB8A0 /* Sources */ = {
			isa = PBXSourcesBuildPhase;
			buildActionMask = 2147483647;
			files = (
				04E2185C28DDB43D002CBAF0 /* DDRenderComposition.swift in Sources */,
				040C2E1328ADEBE1002BB8A0 /* ViewController.swift in Sources */,
				AF6B09B328CDC82500D953B6 /* DDAssetReader.swift in Sources */,
				04E2185E28DDBB28002CBAF0 /* DDRenderLayer.swift in Sources */,
				04E2186028DDBC68002CBAF0 /* DDsource.swift in Sources */,
				04E2185928DDB253002CBAF0 /* DDVideoEditor.swift in Sources */,
				0418BA0928F11B0500DB65EE /* DDAudioRenderLayer.swift in Sources */,
				0490D35028DC4981008E35B6 /* DDVideoComposition.swift in Sources */,
				04E2186228DDC0DE002CBAF0 /* DDTexture.swift in Sources */,
				040C2E0F28ADEBE1002BB8A0 /* AppDelegate.swift in Sources */,
				040C2E2C28ADECE4002BB8A0 /* DDView.swift in Sources */,
				04A15E8128E1B72900B73538 /* DDVideoRenderLayer.swift in Sources */,
			);
			runOnlyForDeploymentPostprocessing = 0;
		};
/* End PBXSourcesBuildPhase section */

/* Begin PBXVariantGroup section */
		040C2E1428ADEBE1002BB8A0 /* Main.storyboard */ = {
			isa = PBXVariantGroup;
			children = (
				040C2E1528ADEBE1002BB8A0 /* Base */,
			);
			name = Main.storyboard;
			sourceTree = "<group>";
		};
		040C2E1928ADEBE3002BB8A0 /* LaunchScreen.storyboard */ = {
			isa = PBXVariantGroup;
			children = (
				040C2E1A28ADEBE3002BB8A0 /* Base */,
			);
			name = LaunchScreen.storyboard;
			sourceTree = "<group>";
		};
/* End PBXVariantGroup section */

/* Begin XCBuildConfiguration section */
		040C2E1D28ADEBE3002BB8A0 /* Debug */ = {
			isa = XCBuildConfiguration;
			buildSettings = {
				ALWAYS_SEARCH_USER_PATHS = NO;
				CLANG_ANALYZER_NONNULL = YES;
				CLANG_ANALYZER_NUMBER_OBJECT_CONVERSION = YES_AGGRESSIVE;
				CLANG_CXX_LANGUAGE_STANDARD = "gnu++17";
				CLANG_ENABLE_MODULES = YES;
				CLANG_ENABLE_OBJC_ARC = YES;
				CLANG_ENABLE_OBJC_WEAK = YES;
				CLANG_WARN_BLOCK_CAPTURE_AUTORELEASING = YES;
				CLANG_WARN_BOOL_CONVERSION = YES;
				CLANG_WARN_COMMA = YES;
				CLANG_WARN_CONSTANT_CONVERSION = YES;
				CLANG_WARN_DEPRECATED_OBJC_IMPLEMENTATIONS = YES;
				CLANG_WARN_DIRECT_OBJC_ISA_USAGE = YES_ERROR;
				CLANG_WARN_DOCUMENTATION_COMMENTS = YES;
				CLANG_WARN_EMPTY_BODY = YES;
				CLANG_WARN_ENUM_CONVERSION = YES;
				CLANG_WARN_INFINITE_RECURSION = YES;
				CLANG_WARN_INT_CONVERSION = YES;
				CLANG_WARN_NON_LITERAL_NULL_CONVERSION = YES;
				CLANG_WARN_OBJC_IMPLICIT_RETAIN_SELF = YES;
				CLANG_WARN_OBJC_LITERAL_CONVERSION = YES;
				CLANG_WARN_OBJC_ROOT_CLASS = YES_ERROR;
				CLANG_WARN_QUOTED_INCLUDE_IN_FRAMEWORK_HEADER = YES;
				CLANG_WARN_RANGE_LOOP_ANALYSIS = YES;
				CLANG_WARN_STRICT_PROTOTYPES = YES;
				CLANG_WARN_SUSPICIOUS_MOVE = YES;
				CLANG_WARN_UNGUARDED_AVAILABILITY = YES_AGGRESSIVE;
				CLANG_WARN_UNREACHABLE_CODE = YES;
				CLANG_WARN__DUPLICATE_METHOD_MATCH = YES;
				COPY_PHASE_STRIP = NO;
				DEBUG_INFORMATION_FORMAT = dwarf;
				ENABLE_STRICT_OBJC_MSGSEND = YES;
				ENABLE_TESTABILITY = YES;
				GCC_C_LANGUAGE_STANDARD = gnu11;
				GCC_DYNAMIC_NO_PIC = NO;
				GCC_NO_COMMON_BLOCKS = YES;
				GCC_OPTIMIZATION_LEVEL = 0;
				GCC_PREPROCESSOR_DEFINITIONS = (
					"DEBUG=1",
					"$(inherited)",
				);
				GCC_WARN_64_TO_32_BIT_CONVERSION = YES;
				GCC_WARN_ABOUT_RETURN_TYPE = YES_ERROR;
				GCC_WARN_UNDECLARED_SELECTOR = YES;
				GCC_WARN_UNINITIALIZED_AUTOS = YES_AGGRESSIVE;
				GCC_WARN_UNUSED_FUNCTION = YES;
				GCC_WARN_UNUSED_VARIABLE = YES;
				IPHONEOS_DEPLOYMENT_TARGET = 15.5;
				MTL_ENABLE_DEBUG_INFO = INCLUDE_SOURCE;
				MTL_FAST_MATH = YES;
				ONLY_ACTIVE_ARCH = YES;
				SDKROOT = iphoneos;
				SWIFT_ACTIVE_COMPILATION_CONDITIONS = DEBUG;
				SWIFT_OPTIMIZATION_LEVEL = "-Onone";
			};
			name = Debug;
		};
		040C2E1E28ADEBE3002BB8A0 /* Release */ = {
			isa = XCBuildConfiguration;
			buildSettings = {
				ALWAYS_SEARCH_USER_PATHS = NO;
				CLANG_ANALYZER_NONNULL = YES;
				CLANG_ANALYZER_NUMBER_OBJECT_CONVERSION = YES_AGGRESSIVE;
				CLANG_CXX_LANGUAGE_STANDARD = "gnu++17";
				CLANG_ENABLE_MODULES = YES;
				CLANG_ENABLE_OBJC_ARC = YES;
				CLANG_ENABLE_OBJC_WEAK = YES;
				CLANG_WARN_BLOCK_CAPTURE_AUTORELEASING = YES;
				CLANG_WARN_BOOL_CONVERSION = YES;
				CLANG_WARN_COMMA = YES;
				CLANG_WARN_CONSTANT_CONVERSION = YES;
				CLANG_WARN_DEPRECATED_OBJC_IMPLEMENTATIONS = YES;
				CLANG_WARN_DIRECT_OBJC_ISA_USAGE = YES_ERROR;
				CLANG_WARN_DOCUMENTATION_COMMENTS = YES;
				CLANG_WARN_EMPTY_BODY = YES;
				CLANG_WARN_ENUM_CONVERSION = YES;
				CLANG_WARN_INFINITE_RECURSION = YES;
				CLANG_WARN_INT_CONVERSION = YES;
				CLANG_WARN_NON_LITERAL_NULL_CONVERSION = YES;
				CLANG_WARN_OBJC_IMPLICIT_RETAIN_SELF = YES;
				CLANG_WARN_OBJC_LITERAL_CONVERSION = YES;
				CLANG_WARN_OBJC_ROOT_CLASS = YES_ERROR;
				CLANG_WARN_QUOTED_INCLUDE_IN_FRAMEWORK_HEADER = YES;
				CLANG_WARN_RANGE_LOOP_ANALYSIS = YES;
				CLANG_WARN_STRICT_PROTOTYPES = YES;
				CLANG_WARN_SUSPICIOUS_MOVE = YES;
				CLANG_WARN_UNGUARDED_AVAILABILITY = YES_AGGRESSIVE;
				CLANG_WARN_UNREACHABLE_CODE = YES;
				CLANG_WARN__DUPLICATE_METHOD_MATCH = YES;
				COPY_PHASE_STRIP = NO;
				DEBUG_INFORMATION_FORMAT = "dwarf-with-dsym";
				ENABLE_NS_ASSERTIONS = NO;
				ENABLE_STRICT_OBJC_MSGSEND = YES;
				GCC_C_LANGUAGE_STANDARD = gnu11;
				GCC_NO_COMMON_BLOCKS = YES;
				GCC_WARN_64_TO_32_BIT_CONVERSION = YES;
				GCC_WARN_ABOUT_RETURN_TYPE = YES_ERROR;
				GCC_WARN_UNDECLARED_SELECTOR = YES;
				GCC_WARN_UNINITIALIZED_AUTOS = YES_AGGRESSIVE;
				GCC_WARN_UNUSED_FUNCTION = YES;
				GCC_WARN_UNUSED_VARIABLE = YES;
				IPHONEOS_DEPLOYMENT_TARGET = 15.5;
				MTL_ENABLE_DEBUG_INFO = NO;
				MTL_FAST_MATH = YES;
				SDKROOT = iphoneos;
				SWIFT_COMPILATION_MODE = wholemodule;
				SWIFT_OPTIMIZATION_LEVEL = "-O";
				VALIDATE_PRODUCT = YES;
			};
			name = Release;
		};
		040C2E2028ADEBE3002BB8A0 /* Debug */ = {
			isa = XCBuildConfiguration;
			buildSettings = {
				ASSETCATALOG_COMPILER_APPICON_NAME = AppIcon;
				ASSETCATALOG_COMPILER_GLOBAL_ACCENT_COLOR_NAME = AccentColor;
				CODE_SIGN_STYLE = Automatic;
				CURRENT_PROJECT_VERSION = 1;
				DEBUG_INFORMATION_FORMAT = "dwarf-with-dsym";
				DEVELOPMENT_TEAM = N46N333L22;
				GCC_PREPROCESSOR_DEFINITIONS = (
					"DEBUG=1",
					"GLES_SILENCE_DEPRECATION=1",
					"$(inherited)",
				);
				GENERATE_INFOPLIST_FILE = YES;
				INFOPLIST_FILE = "OpenGL ES-10/Info.plist";
				INFOPLIST_KEY_NSCameraUsageDescription = "使用摄像机";
				INFOPLIST_KEY_UIApplicationSupportsIndirectInputEvents = YES;
				INFOPLIST_KEY_UILaunchStoryboardName = LaunchScreen;
				INFOPLIST_KEY_UIMainStoryboardFile = Main;
				INFOPLIST_KEY_UISupportedInterfaceOrientations_iPad = "UIInterfaceOrientationPortrait UIInterfaceOrientationPortraitUpsideDown UIInterfaceOrientationLandscapeLeft UIInterfaceOrientationLandscapeRight";
				INFOPLIST_KEY_UISupportedInterfaceOrientations_iPhone = "UIInterfaceOrientationPortrait UIInterfaceOrientationLandscapeLeft UIInterfaceOrientationLandscapeRight";
				IPHONEOS_DEPLOYMENT_TARGET = 12.4;
				LD_RUNPATH_SEARCH_PATHS = (
					"$(inherited)",
					"@executable_path/Frameworks",
				);
				MARKETING_VERSION = 1.0;
				PRODUCT_BUNDLE_IDENTIFIER = "com.mac.OpenGL-ES-10";
				PRODUCT_NAME = "$(TARGET_NAME)";
				SWIFT_EMIT_LOC_STRINGS = YES;
				SWIFT_VERSION = 5.0;
				TARGETED_DEVICE_FAMILY = "1,2";
			};
			name = Debug;
		};
		040C2E2128ADEBE3002BB8A0 /* Release */ = {
			isa = XCBuildConfiguration;
			buildSettings = {
				ASSETCATALOG_COMPILER_APPICON_NAME = AppIcon;
				ASSETCATALOG_COMPILER_GLOBAL_ACCENT_COLOR_NAME = AccentColor;
				CODE_SIGN_STYLE = Automatic;
				CURRENT_PROJECT_VERSION = 1;
				DEVELOPMENT_TEAM = N46N333L22;
				GENERATE_INFOPLIST_FILE = YES;
				INFOPLIST_FILE = "OpenGL ES-10/Info.plist";
				INFOPLIST_KEY_NSCameraUsageDescription = "使用摄像机";
				INFOPLIST_KEY_UIApplicationSupportsIndirectInputEvents = YES;
				INFOPLIST_KEY_UILaunchStoryboardName = LaunchScreen;
				INFOPLIST_KEY_UIMainStoryboardFile = Main;
				INFOPLIST_KEY_UISupportedInterfaceOrientations_iPad = "UIInterfaceOrientationPortrait UIInterfaceOrientationPortraitUpsideDown UIInterfaceOrientationLandscapeLeft UIInterfaceOrientationLandscapeRight";
				INFOPLIST_KEY_UISupportedInterfaceOrientations_iPhone = "UIInterfaceOrientationPortrait UIInterfaceOrientationLandscapeLeft UIInterfaceOrientationLandscapeRight";
				IPHONEOS_DEPLOYMENT_TARGET = 12.4;
				LD_RUNPATH_SEARCH_PATHS = (
					"$(inherited)",
					"@executable_path/Frameworks",
				);
				MARKETING_VERSION = 1.0;
				PRODUCT_BUNDLE_IDENTIFIER = "com.mac.OpenGL-ES-10";
				PRODUCT_NAME = "$(TARGET_NAME)";
				SWIFT_EMIT_LOC_STRINGS = YES;
				SWIFT_VERSION = 5.0;
				TARGETED_DEVICE_FAMILY = "1,2";
			};
			name = Release;
		};
/* End XCBuildConfiguration section */

/* Begin XCConfigurationList section */
		040C2E0628ADEBE0002BB8A0 /* Build configuration list for PBXProject "OpenGL ES-10" */ = {
			isa = XCConfigurationList;
			buildConfigurations = (
				040C2E1D28ADEBE3002BB8A0 /* Debug */,
				040C2E1E28ADEBE3002BB8A0 /* Release */,
			);
			defaultConfigurationIsVisible = 0;
			defaultConfigurationName = Release;
		};
		040C2E1F28ADEBE3002BB8A0 /* Build configuration list for PBXNativeTarget "OpenGL ES-10" */ = {
			isa = XCConfigurationList;
			buildConfigurations = (
				040C2E2028ADEBE3002BB8A0 /* Debug */,
				040C2E2128ADEBE3002BB8A0 /* Release */,
			);
			defaultConfigurationIsVisible = 0;
			defaultConfigurationName = Release;
		};
/* End XCConfigurationList section */
	};
	rootObject = 040C2E0328ADEBE0002BB8A0 /* Project object */;
}
