// !$*UTF8*$!
{
	archiveVersion = 1;
	classes = {
	};
	objectVersion = 55;
	objects = {

/* Begin PBXBuildFile section */
		040C2E3B28AE4FA3002BB8A0 /* AppDelegate.swift in Sources */ = {isa = PBXBuildFile; fileRef = 040C2E3A28AE4FA3002BB8A0 /* AppDelegate.swift */; };
		040C2E3D28AE4FA3002BB8A0 /* SceneDelegate.swift in Sources */ = {isa = PBXBuildFile; fileRef = 040C2E3C28AE4FA3002BB8A0 /* SceneDelegate.swift */; };
		040C2E3F28AE4FA3002BB8A0 /* ViewController.swift in Sources */ = {isa = PBXBuildFile; fileRef = 040C2E3E28AE4FA3002BB8A0 /* ViewController.swift */; };
		040C2E4228AE4FA3002BB8A0 /* Main.storyboard in Resources */ = {isa = PBXBuildFile; fileRef = 040C2E4028AE4FA3002BB8A0 /* Main.storyboard */; };
		040C2E4428AE4FA5002BB8A0 /* Assets.xcassets in Resources */ = {isa = PBXBuildFile; fileRef = 040C2E4328AE4FA5002BB8A0 /* Assets.xcassets */; };
		040C2E4728AE4FA5002BB8A0 /* LaunchScreen.storyboard in Resources */ = {isa = PBXBuildFile; fileRef = 040C2E4528AE4FA5002BB8A0 /* LaunchScreen.storyboard */; };
		040C2E5228AE50E8002BB8A0 /* shaderv.vsh in Resources */ = {isa = PBXBuildFile; fileRef = 040C2E4F28AE50E8002BB8A0 /* shaderv.vsh */; };
		040C2E5328AE50E8002BB8A0 /* DDView.swift in Sources */ = {isa = PBXBuildFile; fileRef = 040C2E5028AE50E8002BB8A0 /* DDView.swift */; };
		046F1EFB28F968340040CEB1 /* fragmentShader.fsh in Resources */ = {isa = PBXBuildFile; fileRef = 046F1EFA28F968340040CEB1 /* fragmentShader.fsh */; };
		04BF0D7628AF3FCA0071A349 /* Lena.png in Resources */ = {isa = PBXBuildFile; fileRef = 04BF0D7528AF3FCA0071A349 /* Lena.png */; };
		04BF0D7828AF58DE0071A349 /* GLContainerView.swift in Sources */ = {isa = PBXBuildFile; fileRef = 04BF0D7728AF58DE0071A349 /* GLContainerView.swift */; };
		04BF0D7B28AF6E670071A349 /* Saturation.fsh in Resources */ = {isa = PBXBuildFile; fileRef = 04BF0D7928AF6E670071A349 /* Saturation.fsh */; };
		04BF0D7C28AF6E670071A349 /* Temperature.fsh in Resources */ = {isa = PBXBuildFile; fileRef = 04BF0D7A28AF6E670071A349 /* Temperature.fsh */; };
/* End PBXBuildFile section */

/* Begin PBXFileReference section */
		040C2E3728AE4FA3002BB8A0 /* OpenGL ES-06.app */ = {isa = PBXFileReference; explicitFileType = wrapper.application; includeInIndex = 0; path = "OpenGL ES-06.app"; sourceTree = BUILT_PRODUCTS_DIR; };
		040C2E3A28AE4FA3002BB8A0 /* AppDelegate.swift */ = {isa = PBXFileReference; lastKnownFileType = sourcecode.swift; path = AppDelegate.swift; sourceTree = "<group>"; };
		040C2E3C28AE4FA3002BB8A0 /* SceneDelegate.swift */ = {isa = PBXFileReference; lastKnownFileType = sourcecode.swift; path = SceneDelegate.swift; sourceTree = "<group>"; };
		040C2E3E28AE4FA3002BB8A0 /* ViewController.swift */ = {isa = PBXFileReference; lastKnownFileType = sourcecode.swift; path = ViewController.swift; sourceTree = "<group>"; };
		040C2E4128AE4FA3002BB8A0 /* Base */ = {isa = PBXFileReference; lastKnownFileType = file.storyboard; name = Base; path = Base.lproj/Main.storyboard; sourceTree = "<group>"; };
		040C2E4328AE4FA5002BB8A0 /* Assets.xcassets */ = {isa = PBXFileReference; lastKnownFileType = folder.assetcatalog; path = Assets.xcassets; sourceTree = "<group>"; };
		040C2E4628AE4FA5002BB8A0 /* Base */ = {isa = PBXFileReference; lastKnownFileType = file.storyboard; name = Base; path = Base.lproj/LaunchScreen.storyboard; sourceTree = "<group>"; };
		040C2E4828AE4FA5002BB8A0 /* Info.plist */ = {isa = PBXFileReference; lastKnownFileType = text.plist.xml; path = Info.plist; sourceTree = "<group>"; };
		040C2E4F28AE50E8002BB8A0 /* shaderv.vsh */ = {isa = PBXFileReference; fileEncoding = 4; lastKnownFileType = sourcecode.glsl; path = shaderv.vsh; sourceTree = "<group>"; };
		040C2E5028AE50E8002BB8A0 /* DDView.swift */ = {isa = PBXFileReference; fileEncoding = 4; lastKnownFileType = sourcecode.swift; path = DDView.swift; sourceTree = "<group>"; };
		046F1EFA28F968340040CEB1 /* fragmentShader.fsh */ = {isa = PBXFileReference; lastKnownFileType = sourcecode.glsl; path = fragmentShader.fsh; sourceTree = "<group>"; };
		04BF0D7528AF3FCA0071A349 /* Lena.png */ = {isa = PBXFileReference; lastKnownFileType = image.png; path = Lena.png; sourceTree = "<group>"; };
		04BF0D7728AF58DE0071A349 /* GLContainerView.swift */ = {isa = PBXFileReference; lastKnownFileType = sourcecode.swift; path = GLContainerView.swift; sourceTree = "<group>"; };
		04BF0D7928AF6E670071A349 /* Saturation.fsh */ = {isa = PBXFileReference; fileEncoding = 4; lastKnownFileType = sourcecode.glsl; path = Saturation.fsh; sourceTree = "<group>"; };
		04BF0D7A28AF6E670071A349 /* Temperature.fsh */ = {isa = PBXFileReference; fileEncoding = 4; lastKnownFileType = sourcecode.glsl; path = Temperature.fsh; sourceTree = "<group>"; };
/* End PBXFileReference section */

/* Begin PBXFrameworksBuildPhase section */
		040C2E3428AE4FA3002BB8A0 /* Frameworks */ = {
			isa = PBXFrameworksBuildPhase;
			buildActionMask = 2147483647;
			files = (
			);
			runOnlyForDeploymentPostprocessing = 0;
		};
/* End PBXFrameworksBuildPhase section */

/* Begin PBXGroup section */
		040C2E2E28AE4FA2002BB8A0 = {
			isa = PBXGroup;
			children = (
				040C2E3928AE4FA3002BB8A0 /* OpenGL ES-06 */,
				040C2E3828AE4FA3002BB8A0 /* Products */,
			);
			sourceTree = "<group>";
		};
		040C2E3828AE4FA3002BB8A0 /* Products */ = {
			isa = PBXGroup;
			children = (
				040C2E3728AE4FA3002BB8A0 /* OpenGL ES-06.app */,
			);
			name = Products;
			sourceTree = "<group>";
		};
		040C2E3928AE4FA3002BB8A0 /* OpenGL ES-06 */ = {
			isa = PBXGroup;
			children = (
				040C2E3A28AE4FA3002BB8A0 /* AppDelegate.swift */,
				040C2E3C28AE4FA3002BB8A0 /* SceneDelegate.swift */,
				040C2E3E28AE4FA3002BB8A0 /* ViewController.swift */,
				040C2E5028AE50E8002BB8A0 /* DDView.swift */,
				04BF0D7728AF58DE0071A349 /* GLContainerView.swift */,
				040C2E4F28AE50E8002BB8A0 /* shaderv.vsh */,
				04BF0D7928AF6E670071A349 /* Saturation.fsh */,
				04BF0D7A28AF6E670071A349 /* Temperature.fsh */,
				046F1EFA28F968340040CEB1 /* fragmentShader.fsh */,
				04BF0D7528AF3FCA0071A349 /* Lena.png */,
				040C2E4028AE4FA3002BB8A0 /* Main.storyboard */,
				040C2E4328AE4FA5002BB8A0 /* Assets.xcassets */,
				040C2E4528AE4FA5002BB8A0 /* LaunchScreen.storyboard */,
				040C2E4828AE4FA5002BB8A0 /* Info.plist */,
			);
			path = "OpenGL ES-06";
			sourceTree = "<group>";
		};
/* End PBXGroup section */

/* Begin PBXNativeTarget section */
		040C2E3628AE4FA3002BB8A0 /* OpenGL ES-06 */ = {
			isa = PBXNativeTarget;
			buildConfigurationList = 040C2E4B28AE4FA5002BB8A0 /* Build configuration list for PBXNativeTarget "OpenGL ES-06" */;
			buildPhases = (
				040C2E3328AE4FA3002BB8A0 /* Sources */,
				040C2E3428AE4FA3002BB8A0 /* Frameworks */,
				040C2E3528AE4FA3002BB8A0 /* Resources */,
			);
			buildRules = (
			);
			dependencies = (
			);
			name = "OpenGL ES-06";
			productName = "OpenGL ES-06";
			productReference = 040C2E3728AE4FA3002BB8A0 /* OpenGL ES-06.app */;
			productType = "com.apple.product-type.application";
		};
/* End PBXNativeTarget section */

/* Begin PBXProject section */
		040C2E2F28AE4FA3002BB8A0 /* Project object */ = {
			isa = PBXProject;
			attributes = {
				BuildIndependentTargetsInParallel = 1;
				LastSwiftUpdateCheck = 1340;
				LastUpgradeCheck = 1340;
				TargetAttributes = {
					040C2E3628AE4FA3002BB8A0 = {
						CreatedOnToolsVersion = 13.4;
					};
				};
			};
			buildConfigurationList = 040C2E3228AE4FA3002BB8A0 /* Build configuration list for PBXProject "OpenGL ES-06" */;
			compatibilityVersion = "Xcode 13.0";
			developmentRegion = en;
			hasScannedForEncodings = 0;
			knownRegions = (
				en,
				Base,
			);
			mainGroup = 040C2E2E28AE4FA2002BB8A0;
			productRefGroup = 040C2E3828AE4FA3002BB8A0 /* Products */;
			projectDirPath = "";
			projectRoot = "";
			targets = (
				040C2E3628AE4FA3002BB8A0 /* OpenGL ES-06 */,
			);
		};
/* End PBXProject section */

/* Begin PBXResourcesBuildPhase section */
		040C2E3528AE4FA3002BB8A0 /* Resources */ = {
			isa = PBXResourcesBuildPhase;
			buildActionMask = 2147483647;
			files = (
				040C2E5228AE50E8002BB8A0 /* shaderv.vsh in Resources */,
				040C2E4728AE4FA5002BB8A0 /* LaunchScreen.storyboard in Resources */,
				040C2E4428AE4FA5002BB8A0 /* Assets.xcassets in Resources */,
				04BF0D7628AF3FCA0071A349 /* Lena.png in Resources */,
				046F1EFB28F968340040CEB1 /* fragmentShader.fsh in Resources */,
				04BF0D7C28AF6E670071A349 /* Temperature.fsh in Resources */,
				04BF0D7B28AF6E670071A349 /* Saturation.fsh in Resources */,
				040C2E4228AE4FA3002BB8A0 /* Main.storyboard in Resources */,
			);
			runOnlyForDeploymentPostprocessing = 0;
		};
/* End PBXResourcesBuildPhase section */

/* Begin PBXSourcesBuildPhase section */
		040C2E3328AE4FA3002BB8A0 /* Sources */ = {
			isa = PBXSourcesBuildPhase;
			buildActionMask = 2147483647;
			files = (
				040C2E3F28AE4FA3002BB8A0 /* ViewController.swift in Sources */,
				040C2E3B28AE4FA3002BB8A0 /* AppDelegate.swift in Sources */,
				040C2E5328AE50E8002BB8A0 /* DDView.swift in Sources */,
				04BF0D7828AF58DE0071A349 /* GLContainerView.swift in Sources */,
				040C2E3D28AE4FA3002BB8A0 /* SceneDelegate.swift in Sources */,
			);
			runOnlyForDeploymentPostprocessing = 0;
		};
/* End PBXSourcesBuildPhase section */

/* Begin PBXVariantGroup section */
		040C2E4028AE4FA3002BB8A0 /* Main.storyboard */ = {
			isa = PBXVariantGroup;
			children = (
				040C2E4128AE4FA3002BB8A0 /* Base */,
			);
			name = Main.storyboard;
			sourceTree = "<group>";
		};
		040C2E4528AE4FA5002BB8A0 /* LaunchScreen.storyboard */ = {
			isa = PBXVariantGroup;
			children = (
				040C2E4628AE4FA5002BB8A0 /* Base */,
			);
			name = LaunchScreen.storyboard;
			sourceTree = "<group>";
		};
/* End PBXVariantGroup section */

/* Begin XCBuildConfiguration section */
		040C2E4928AE4FA5002BB8A0 /* Debug */ = {
			isa = XCBuildConfiguration;
			buildSettings = {
				ALWAYS_SEARCH_USER_PATHS = NO;
				CLANG_ANALYZER_NONNULL = YES;
				CLANG_ANALYZER_NUMBER_OBJECT_CONVERSION = YES_AGGRESSIVE;
				CLANG_CXX_LANGUAGE_STANDARD = "gnu++17";
				CLANG_ENABLE_MODULES = YES;
				CLANG_ENABLE_OBJC_ARC = YES;
				CLANG_ENABLE_OBJC_WEAK = YES;
				CLANG_WARN_BLOCK_CAPTURE_AUTORELEASING = YES;
				CLANG_WARN_BOOL_CONVERSION = YES;
				CLANG_WARN_COMMA = YES;
				CLANG_WARN_CONSTANT_CONVERSION = YES;
				CLANG_WARN_DEPRECATED_OBJC_IMPLEMENTATIONS = YES;
				CLANG_WARN_DIRECT_OBJC_ISA_USAGE = YES_ERROR;
				CLANG_WARN_DOCUMENTATION_COMMENTS = YES;
				CLANG_WARN_EMPTY_BODY = YES;
				CLANG_WARN_ENUM_CONVERSION = YES;
				CLANG_WARN_INFINITE_RECURSION = YES;
				CLANG_WARN_INT_CONVERSION = YES;
				CLANG_WARN_NON_LITERAL_NULL_CONVERSION = YES;
				CLANG_WARN_OBJC_IMPLICIT_RETAIN_SELF = YES;
				CLANG_WARN_OBJC_LITERAL_CONVERSION = YES;
				CLANG_WARN_OBJC_ROOT_CLASS = YES_ERROR;
				CLANG_WARN_QUOTED_INCLUDE_IN_FRAMEWORK_HEADER = YES;
				CLANG_WARN_RANGE_LOOP_ANALYSIS = YES;
				CLANG_WARN_STRICT_PROTOTYPES = YES;
				CLANG_WARN_SUSPICIOUS_MOVE = YES;
				CLANG_WARN_UNGUARDED_AVAILABILITY = YES_AGGRESSIVE;
				CLANG_WARN_UNREACHABLE_CODE = YES;
				CLANG_WARN__DUPLICATE_METHOD_MATCH = YES;
				COPY_PHASE_STRIP = NO;
				DEBUG_INFORMATION_FORMAT = dwarf;
				ENABLE_STRICT_OBJC_MSGSEND = YES;
				ENABLE_TESTABILITY = YES;
				GCC_C_LANGUAGE_STANDARD = gnu11;
				GCC_DYNAMIC_NO_PIC = NO;
				GCC_NO_COMMON_BLOCKS = YES;
				GCC_OPTIMIZATION_LEVEL = 0;
				GCC_PREPROCESSOR_DEFINITIONS = (
					"DEBUG=1",
					"$(inherited)",
				);
				GCC_WARN_64_TO_32_BIT_CONVERSION = YES;
				GCC_WARN_ABOUT_RETURN_TYPE = YES_ERROR;
				GCC_WARN_UNDECLARED_SELECTOR = YES;
				GCC_WARN_UNINITIALIZED_AUTOS = YES_AGGRESSIVE;
				GCC_WARN_UNUSED_FUNCTION = YES;
				GCC_WARN_UNUSED_VARIABLE = YES;
				IPHONEOS_DEPLOYMENT_TARGET = 15.5;
				MTL_ENABLE_DEBUG_INFO = INCLUDE_SOURCE;
				MTL_FAST_MATH = YES;
				ONLY_ACTIVE_ARCH = YES;
				SDKROOT = iphoneos;
				SWIFT_ACTIVE_COMPILATION_CONDITIONS = DEBUG;
				SWIFT_OPTIMIZATION_LEVEL = "-Onone";
			};
			name = Debug;
		};
		040C2E4A28AE4FA5002BB8A0 /* Release */ = {
			isa = XCBuildConfiguration;
			buildSettings = {
				ALWAYS_SEARCH_USER_PATHS = NO;
				CLANG_ANALYZER_NONNULL = YES;
				CLANG_ANALYZER_NUMBER_OBJECT_CONVERSION = YES_AGGRESSIVE;
				CLANG_CXX_LANGUAGE_STANDARD = "gnu++17";
				CLANG_ENABLE_MODULES = YES;
				CLANG_ENABLE_OBJC_ARC = YES;
				CLANG_ENABLE_OBJC_WEAK = YES;
				CLANG_WARN_BLOCK_CAPTURE_AUTORELEASING = YES;
				CLANG_WARN_BOOL_CONVERSION = YES;
				CLANG_WARN_COMMA = YES;
				CLANG_WARN_CONSTANT_CONVERSION = YES;
				CLANG_WARN_DEPRECATED_OBJC_IMPLEMENTATIONS = YES;
				CLANG_WARN_DIRECT_OBJC_ISA_USAGE = YES_ERROR;
				CLANG_WARN_DOCUMENTATION_COMMENTS = YES;
				CLANG_WARN_EMPTY_BODY = YES;
				CLANG_WARN_ENUM_CONVERSION = YES;
				CLANG_WARN_INFINITE_RECURSION = YES;
				CLANG_WARN_INT_CONVERSION = YES;
				CLANG_WARN_NON_LITERAL_NULL_CONVERSION = YES;
				CLANG_WARN_OBJC_IMPLICIT_RETAIN_SELF = YES;
				CLANG_WARN_OBJC_LITERAL_CONVERSION = YES;
				CLANG_WARN_OBJC_ROOT_CLASS = YES_ERROR;
				CLANG_WARN_QUOTED_INCLUDE_IN_FRAMEWORK_HEADER = YES;
				CLANG_WARN_RANGE_LOOP_ANALYSIS = YES;
				CLANG_WARN_STRICT_PROTOTYPES = YES;
				CLANG_WARN_SUSPICIOUS_MOVE = YES;
				CLANG_WARN_UNGUARDED_AVAILABILITY = YES_AGGRESSIVE;
				CLANG_WARN_UNREACHABLE_CODE = YES;
				CLANG_WARN__DUPLICATE_METHOD_MATCH = YES;
				COPY_PHASE_STRIP = NO;
				DEBUG_INFORMATION_FORMAT = "dwarf-with-dsym";
				ENABLE_NS_ASSERTIONS = NO;
				ENABLE_STRICT_OBJC_MSGSEND = YES;
				GCC_C_LANGUAGE_STANDARD = gnu11;
				GCC_NO_COMMON_BLOCKS = YES;
				GCC_WARN_64_TO_32_BIT_CONVERSION = YES;
				GCC_WARN_ABOUT_RETURN_TYPE = YES_ERROR;
				GCC_WARN_UNDECLARED_SELECTOR = YES;
				GCC_WARN_UNINITIALIZED_AUTOS = YES_AGGRESSIVE;
				GCC_WARN_UNUSED_FUNCTION = YES;
				GCC_WARN_UNUSED_VARIABLE = YES;
				IPHONEOS_DEPLOYMENT_TARGET = 15.5;
				MTL_ENABLE_DEBUG_INFO = NO;
				MTL_FAST_MATH = YES;
				SDKROOT = iphoneos;
				SWIFT_COMPILATION_MODE = wholemodule;
				SWIFT_OPTIMIZATION_LEVEL = "-O";
				VALIDATE_PRODUCT = YES;
			};
			name = Release;
		};
		040C2E4C28AE4FA5002BB8A0 /* Debug */ = {
			isa = XCBuildConfiguration;
			buildSettings = {
				ASSETCATALOG_COMPILER_APPICON_NAME = AppIcon;
				ASSETCATALOG_COMPILER_GLOBAL_ACCENT_COLOR_NAME = AccentColor;
				CODE_SIGN_STYLE = Automatic;
				CURRENT_PROJECT_VERSION = 1;
				GCC_PREPROCESSOR_DEFINITIONS = (
					"DEBUG=1",
					"GLES_SILENCE_DEPRECATION=1",
					"$(inherited)",
				);
				GENERATE_INFOPLIST_FILE = YES;
				INFOPLIST_FILE = "OpenGL ES-06/Info.plist";
				INFOPLIST_KEY_UIApplicationSupportsIndirectInputEvents = YES;
				INFOPLIST_KEY_UILaunchStoryboardName = LaunchScreen;
				INFOPLIST_KEY_UIMainStoryboardFile = Main;
				INFOPLIST_KEY_UISupportedInterfaceOrientations_iPad = "UIInterfaceOrientationPortrait UIInterfaceOrientationPortraitUpsideDown UIInterfaceOrientationLandscapeLeft UIInterfaceOrientationLandscapeRight";
				INFOPLIST_KEY_UISupportedInterfaceOrientations_iPhone = "UIInterfaceOrientationPortrait UIInterfaceOrientationLandscapeLeft UIInterfaceOrientationLandscapeRight";
				LD_RUNPATH_SEARCH_PATHS = (
					"$(inherited)",
					"@executable_path/Frameworks",
				);
				MARKETING_VERSION = 1.0;
				PRODUCT_BUNDLE_IDENTIFIER = "com.mac.OpenGL-ES-06";
				PRODUCT_NAME = "$(TARGET_NAME)";
				SWIFT_EMIT_LOC_STRINGS = YES;
				SWIFT_VERSION = 5.0;
				TARGETED_DEVICE_FAMILY = "1,2";
			};
			name = Debug;
		};
		040C2E4D28AE4FA5002BB8A0 /* Release */ = {
			isa = XCBuildConfiguration;
			buildSettings = {
				ASSETCATALOG_COMPILER_APPICON_NAME = AppIcon;
				ASSETCATALOG_COMPILER_GLOBAL_ACCENT_COLOR_NAME = AccentColor;
				CODE_SIGN_STYLE = Automatic;
				CURRENT_PROJECT_VERSION = 1;
				GENERATE_INFOPLIST_FILE = YES;
				INFOPLIST_FILE = "OpenGL ES-06/Info.plist";
				INFOPLIST_KEY_UIApplicationSupportsIndirectInputEvents = YES;
				INFOPLIST_KEY_UILaunchStoryboardName = LaunchScreen;
				INFOPLIST_KEY_UIMainStoryboardFile = Main;
				INFOPLIST_KEY_UISupportedInterfaceOrientations_iPad = "UIInterfaceOrientationPortrait UIInterfaceOrientationPortraitUpsideDown UIInterfaceOrientationLandscapeLeft UIInterfaceOrientationLandscapeRight";
				INFOPLIST_KEY_UISupportedInterfaceOrientations_iPhone = "UIInterfaceOrientationPortrait UIInterfaceOrientationLandscapeLeft UIInterfaceOrientationLandscapeRight";
				LD_RUNPATH_SEARCH_PATHS = (
					"$(inherited)",
					"@executable_path/Frameworks",
				);
				MARKETING_VERSION = 1.0;
				PRODUCT_BUNDLE_IDENTIFIER = "com.mac.OpenGL-ES-06";
				PRODUCT_NAME = "$(TARGET_NAME)";
				SWIFT_EMIT_LOC_STRINGS = YES;
				SWIFT_VERSION = 5.0;
				TARGETED_DEVICE_FAMILY = "1,2";
			};
			name = Release;
		};
/* End XCBuildConfiguration section */

/* Begin XCConfigurationList section */
		040C2E3228AE4FA3002BB8A0 /* Build configuration list for PBXProject "OpenGL ES-06" */ = {
			isa = XCConfigurationList;
			buildConfigurations = (
				040C2E4928AE4FA5002BB8A0 /* Debug */,
				040C2E4A28AE4FA5002BB8A0 /* Release */,
			);
			defaultConfigurationIsVisible = 0;
			defaultConfigurationName = Release;
		};
		040C2E4B28AE4FA5002BB8A0 /* Build configuration list for PBXNativeTarget "OpenGL ES-06" */ = {
			isa = XCConfigurationList;
			buildConfigurations = (
				040C2E4C28AE4FA5002BB8A0 /* Debug */,
				040C2E4D28AE4FA5002BB8A0 /* Release */,
			);
			defaultConfigurationIsVisible = 0;
			defaultConfigurationName = Release;
		};
/* End XCConfigurationList section */
	};
	rootObject = 040C2E2F28AE4FA3002BB8A0 /* Project object */;
}
